{
  "name": "my-package",
  "version": "1.0.0",
  "lockfileVersion": 3,
  "requires": true,
  "packages": {
    "": {
      "name": "my-package",
      "version": "1.0.0",
      "dependencies": {
        "some-dep": "1.0.0",
        "other-dep": "2.3.4"
      }
    },
    "node_modules/some-dep": {
      "version": "1.0.0",
      "resolved": "https://registry.npmjs.org/some-dep/-/some-dep-1.0.0.tgz",
      "integrity": "sha512-abc123"
    },
    "node_modules/other-dep": {
      "version": "2.3.4",
      "resolved": "https://registry.npmjs.org/other-dep/-/other-dep-2.3.4.tgz",
      "integrity": "sha512-def456"
    }
  }
}
